
Microsoft Visual Studio Solution File, Format Version 12.00
# Visual Studio 15
VisualStudioVersion = 15.0.27703.2035
MinimumVisualStudioVersion = 10.0.40219.1
Project("{E24C65DC-7377-472B-9ABA-BC803B73C61A}") = "OrthoView_halfWidth", "OrthoView_halfWidth\", "{A24C49EB-E954-44C0-9DFE-815601EC4F02}"
	ProjectSection(WebsiteProperties) = preProject
		TargetFrameworkMoniker = ".NETFramework,Version%3Dv4.6.1"
		Debug.AspNetCompiler.VirtualPath = "/localhost_4455"
		Debug.AspNetCompiler.PhysicalPath = "OrthoView_halfWidth\"
		Debug.AspNetCompiler.TargetPath = "PrecompiledWeb\localhost_4455\"
		Debug.AspNetCompiler.Updateable = "true"
		Debug.AspNetCompiler.ForceOverwrite = "true"
		Debug.AspNetCompiler.FixedNames = "false"
		Debug.AspNetCompiler.Debug = "True"
		Release.AspNetCompiler.VirtualPath = "/localhost_4455"
		Release.AspNetCompiler.PhysicalPath = "OrthoView_halfWidth\"
		Release.AspNetCompiler.TargetPath = "PrecompiledWeb\localhost_4455\"
		Release.AspNetCompiler.Updateable = "true"
		Release.AspNetCompiler.ForceOverwrite = "true"
		Release.AspNetCompiler.FixedNames = "false"
		Release.AspNetCompiler.Debug = "False"
		VWDPort = "4455"
		SlnRelativePath = "OrthoView_halfWidth\"
		DefaultWebSiteLanguage = "Visual C#"
	EndProjectSection
EndProject
Global
	GlobalSection(SolutionConfigurationPlatforms) = preSolution
		Debug|Any CPU = Debug|Any CPU
	EndGlobalSection
	GlobalSection(ProjectConfigurationPlatforms) = postSolution
		{A24C49EB-E954-44C0-9DFE-815601EC4F02}.Debug|Any CPU.ActiveCfg = Debug|Any CPU
		{A24C49EB-E954-44C0-9DFE-815601EC4F02}.Debug|Any CPU.Build.0 = Debug|Any CPU
	EndGlobalSection
	GlobalSection(SolutionProperties) = preSolution
		HideSolutionNode = FALSE
	EndGlobalSection
	GlobalSection(ExtensibilityGlobals) = postSolution
		SolutionGuid = {A7E98662-956F-4E5D-B6F5-DD50E358F89A}
	EndGlobalSection
EndGlobal
